
Microsoft Visual Studio Solution File, Format Version 12.00
# Visual Studio Version 16
VisualStudioVersion = 16.0.31205.134
MinimumVisualStudioVersion = 10.0.40219.1
Project("{FAE04EC0-301F-11D3-BF4B-00C04F79EFBC}") = "CheckoutKata", "Checkout Kata\CheckoutKata.csproj", "{BE214B3A-DE47-452D-B4B2-FDA274E59A09}"
EndProject
Project("{FAE04EC0-301F-11D3-BF4B-00C04F79EFBC}") = "CheckoutKataTests", "CheckoutKataTests\CheckoutKataTests.csproj", "{CD5C9F9C-9AC8-424C-AF29-DA771F3F98A6}"
EndProject
Global
	GlobalSection(SolutionConfigurationPlatforms) = preSolution
		Debug|Any CPU = Debug|Any CPU
		Release|Any CPU = Release|Any CPU
	EndGlobalSection
	GlobalSection(ProjectConfigurationPlatforms) = postSolution
		{BE214B3A-DE47-452D-B4B2-FDA274E59A09}.Debug|Any CPU.ActiveCfg = Debug|Any CPU
		{BE214B3A-DE47-452D-B4B2-FDA274E59A09}.Debug|Any CPU.Build.0 = Debug|Any CPU
		{BE214B3A-DE47-452D-B4B2-FDA274E59A09}.Release|Any CPU.ActiveCfg = Release|Any CPU
		{BE214B3A-DE47-452D-B4B2-FDA274E59A09}.Release|Any CPU.Build.0 = Release|Any CPU
		{CD5C9F9C-9AC8-424C-AF29-DA771F3F98A6}.Debug|Any CPU.ActiveCfg = Debug|Any CPU
		{CD5C9F9C-9AC8-424C-AF29-DA771F3F98A6}.Debug|Any CPU.Build.0 = Debug|Any CPU
		{CD5C9F9C-9AC8-424C-AF29-DA771F3F98A6}.Release|Any CPU.ActiveCfg = Release|Any CPU
		{CD5C9F9C-9AC8-424C-AF29-DA771F3F98A6}.Release|Any CPU.Build.0 = Release|Any CPU
	EndGlobalSection
	GlobalSection(SolutionProperties) = preSolution
		HideSolutionNode = FALSE
	EndGlobalSection
	GlobalSection(ExtensibilityGlobals) = postSolution
		SolutionGuid = {64CDAFD6-624A-4864-BE7A-5A558901721C}
	EndGlobalSection
EndGlobal
